
Microsoft Visual Studio Solution File, Format Version 12.00
# Visual Studio 15
VisualStudioVersion = 15.0.27130.2026
MinimumVisualStudioVersion = 10.0.40219.1
Project("{FAE04EC0-301F-11D3-BF4B-00C04F79EFBC}") = "FunWithRockets", "FunWithRockets\FunWithRockets.csproj", "{0A74BE4C-881C-4E54-AC63-5EE8DB90750D}"
EndProject
Global
	GlobalSection(SolutionConfigurationPlatforms) = preSolution
		Debug|Any CPU = Debug|Any CPU
		Release|Any CPU = Release|Any CPU
	EndGlobalSection
	GlobalSection(ProjectConfigurationPlatforms) = postSolution
		{0A74BE4C-881C-4E54-AC63-5EE8DB90750D}.Debug|Any CPU.ActiveCfg = Debug|Any CPU
		{0A74BE4C-881C-4E54-AC63-5EE8DB90750D}.Debug|Any CPU.Build.0 = Debug|Any CPU
		{0A74BE4C-881C-4E54-AC63-5EE8DB90750D}.Release|Any CPU.ActiveCfg = Release|Any CPU
		{0A74BE4C-881C-4E54-AC63-5EE8DB90750D}.Release|Any CPU.Build.0 = Release|Any CPU
	EndGlobalSection
	GlobalSection(SolutionProperties) = preSolution
		HideSolutionNode = FALSE
	EndGlobalSection
	GlobalSection(ExtensibilityGlobals) = postSolution
		SolutionGuid = {65074890-CA2B-482C-B687-1CAB720FC746}
	EndGlobalSection
EndGlobal
